
Microsoft Visual Studio Solution File, Format Version 12.00
# Visual Studio Version 17
VisualStudioVersion = 17.0.31423.177
MinimumVisualStudioVersion = 15.0.26124.0
Project("{2150E333-8FDC-42A3-9474-1A3956D46DE8}") = "src", "src", "{14B07CCB-83D2-4EA6-824B-4CCCBD6D933A}"
EndProject
Project("{2150E333-8FDC-42A3-9474-1A3956D46DE8}") = "Solution Items", "Solution Items", "{1182D9EA-9691-4CC7-92FD-A180A2057092}"
	ProjectSection(SolutionItems) = preProject
		.editorconfig = .editorconfig
		README.md = README.md
	EndProjectSection
EndProject
Project("{9A19103F-16F7-4668-BE54-9A1E7A4F7556}") = "WorkTimer.Blazor", "src\WorkTimer.Blazor\WorkTimer.Blazor.csproj", "{46F8287E-F9AF-4E1D-BE40-6E1E1C6DA5F9}"
EndProject
Project("{9A19103F-16F7-4668-BE54-9A1E7A4F7556}") = "WorkTimer.Domain", "src\WorkTimer.Domain\WorkTimer.Domain.csproj", "{994FD5A3-0704-41ED-8494-A27A2A543604}"
EndProject
Project("{9A19103F-16F7-4668-BE54-9A1E7A4F7556}") = "WorkTimer.Persistence", "src\WorkTimer.Persistence\WorkTimer.Persistence.csproj", "{2673B023-FCF9-4666-8174-032992CDCF8B}"
EndProject
Project("{9A19103F-16F7-4668-BE54-9A1E7A4F7556}") = "WorkTimer.MediatR", "src\WorkTimer.MediatR\WorkTimer.MediatR.csproj", "{9D9597A2-275A-4AA8-9D18-1ADA351F7A96}"
EndProject
Project("{9A19103F-16F7-4668-BE54-9A1E7A4F7556}") = "WorkTimer.Dev.Seeding", "src\WorkTimer.Dev.Seeding\WorkTimer.Dev.Seeding.csproj", "{DBAACA40-B030-4065-8F50-5017313B7FDC}"
EndProject
Project("{2150E333-8FDC-42A3-9474-1A3956D46DE8}") = "tests", "tests", "{D8AAFD8A-E9BA-41A4-AC66-0149FA24BB08}"
EndProject
Project("{9A19103F-16F7-4668-BE54-9A1E7A4F7556}") = "WorkTimer.Seeding.Tests", "tests\WorkTimer.Seeding.Tests\WorkTimer.Seeding.Tests.csproj", "{845F8A62-F0FB-4445-8886-79A66B7C8F6F}"
EndProject
Project("{9A19103F-16F7-4668-BE54-9A1E7A4F7556}") = "WorkTimer.MediatRTests", "tests\WorkTimer.MediatRTests\WorkTimer.MediatRTests.csproj", "{66597961-E5AD-4837-83A3-CB5E43B5AB1D}"
EndProject
Project("{9A19103F-16F7-4668-BE54-9A1E7A4F7556}") = "WorkTimer.Domain.Tests", "tests\WorkTimer.Domain.Tests\WorkTimer.Domain.Tests.csproj", "{EA32D4EA-87F6-4E5D-9DAD-0909019926FC}"
EndProject
Project("{9A19103F-16F7-4668-BE54-9A1E7A4F7556}") = "WorkTimer.Messaging", "src\WorkTimer.Messaging\WorkTimer.Messaging.csproj", "{6D27C65E-80B1-4D2A-992E-AA8D855A5D78}"
EndProject
Project("{FAE04EC0-301F-11D3-BF4B-00C04F79EFBC}") = "WorkTimer.Integration", "tests\WorkTimer.Integration\WorkTimer.Integration.csproj", "{DA9BE51B-0A3C-4235-8D53-582645CB3898}"
EndProject
Global
	GlobalSection(SolutionConfigurationPlatforms) = preSolution
		Debug|Any CPU = Debug|Any CPU
		Release|Any CPU = Release|Any CPU
	EndGlobalSection
	GlobalSection(ProjectConfigurationPlatforms) = postSolution
		{46F8287E-F9AF-4E1D-BE40-6E1E1C6DA5F9}.Debug|Any CPU.ActiveCfg = Debug|Any CPU
		{46F8287E-F9AF-4E1D-BE40-6E1E1C6DA5F9}.Debug|Any CPU.Build.0 = Debug|Any CPU
		{46F8287E-F9AF-4E1D-BE40-6E1E1C6DA5F9}.Release|Any CPU.ActiveCfg = Release|Any CPU
		{46F8287E-F9AF-4E1D-BE40-6E1E1C6DA5F9}.Release|Any CPU.Build.0 = Release|Any CPU
		{994FD5A3-0704-41ED-8494-A27A2A543604}.Debug|Any CPU.ActiveCfg = Debug|Any CPU
		{994FD5A3-0704-41ED-8494-A27A2A543604}.Debug|Any CPU.Build.0 = Debug|Any CPU
		{994FD5A3-0704-41ED-8494-A27A2A543604}.Release|Any CPU.ActiveCfg = Release|Any CPU
		{994FD5A3-0704-41ED-8494-A27A2A543604}.Release|Any CPU.Build.0 = Release|Any CPU
		{2673B023-FCF9-4666-8174-032992CDCF8B}.Debug|Any CPU.ActiveCfg = Debug|Any CPU
		{2673B023-FCF9-4666-8174-032992CDCF8B}.Debug|Any CPU.Build.0 = Debug|Any CPU
		{2673B023-FCF9-4666-8174-032992CDCF8B}.Release|Any CPU.ActiveCfg = Release|Any CPU
		{2673B023-FCF9-4666-8174-032992CDCF8B}.Release|Any CPU.Build.0 = Release|Any CPU
		{9D9597A2-275A-4AA8-9D18-1ADA351F7A96}.Debug|Any CPU.ActiveCfg = Debug|Any CPU
		{9D9597A2-275A-4AA8-9D18-1ADA351F7A96}.Debug|Any CPU.Build.0 = Debug|Any CPU
		{9D9597A2-275A-4AA8-9D18-1ADA351F7A96}.Release|Any CPU.ActiveCfg = Release|Any CPU
		{9D9597A2-275A-4AA8-9D18-1ADA351F7A96}.Release|Any CPU.Build.0 = Release|Any CPU
		{DBAACA40-B030-4065-8F50-5017313B7FDC}.Debug|Any CPU.ActiveCfg = Debug|Any CPU
		{DBAACA40-B030-4065-8F50-5017313B7FDC}.Debug|Any CPU.Build.0 = Debug|Any CPU
		{DBAACA40-B030-4065-8F50-5017313B7FDC}.Release|Any CPU.ActiveCfg = Release|Any CPU
		{DBAACA40-B030-4065-8F50-5017313B7FDC}.Release|Any CPU.Build.0 = Release|Any CPU
		{845F8A62-F0FB-4445-8886-79A66B7C8F6F}.Debug|Any CPU.ActiveCfg = Debug|Any CPU
		{845F8A62-F0FB-4445-8886-79A66B7C8F6F}.Debug|Any CPU.Build.0 = Debug|Any CPU
		{845F8A62-F0FB-4445-8886-79A66B7C8F6F}.Release|Any CPU.ActiveCfg = Release|Any CPU
		{845F8A62-F0FB-4445-8886-79A66B7C8F6F}.Release|Any CPU.Build.0 = Release|Any CPU
		{66597961-E5AD-4837-83A3-CB5E43B5AB1D}.Debug|Any CPU.ActiveCfg = Debug|Any CPU
		{66597961-E5AD-4837-83A3-CB5E43B5AB1D}.Debug|Any CPU.Build.0 = Debug|Any CPU
		{66597961-E5AD-4837-83A3-CB5E43B5AB1D}.Release|Any CPU.ActiveCfg = Release|Any CPU
		{66597961-E5AD-4837-83A3-CB5E43B5AB1D}.Release|Any CPU.Build.0 = Release|Any CPU
		{EA32D4EA-87F6-4E5D-9DAD-0909019926FC}.Debug|Any CPU.ActiveCfg = Debug|Any CPU
		{EA32D4EA-87F6-4E5D-9DAD-0909019926FC}.Debug|Any CPU.Build.0 = Debug|Any CPU
		{EA32D4EA-87F6-4E5D-9DAD-0909019926FC}.Release|Any CPU.ActiveCfg = Release|Any CPU
		{EA32D4EA-87F6-4E5D-9DAD-0909019926FC}.Release|Any CPU.Build.0 = Release|Any CPU
		{6D27C65E-80B1-4D2A-992E-AA8D855A5D78}.Debug|Any CPU.ActiveCfg = Debug|Any CPU
		{6D27C65E-80B1-4D2A-992E-AA8D855A5D78}.Debug|Any CPU.Build.0 = Debug|Any CPU
		{6D27C65E-80B1-4D2A-992E-AA8D855A5D78}.Release|Any CPU.ActiveCfg = Release|Any CPU
		{6D27C65E-80B1-4D2A-992E-AA8D855A5D78}.Release|Any CPU.Build.0 = Release|Any CPU
		{DA9BE51B-0A3C-4235-8D53-582645CB3898}.Debug|Any CPU.ActiveCfg = Debug|Any CPU
		{DA9BE51B-0A3C-4235-8D53-582645CB3898}.Debug|Any CPU.Build.0 = Debug|Any CPU
		{DA9BE51B-0A3C-4235-8D53-582645CB3898}.Release|Any CPU.ActiveCfg = Release|Any CPU
		{DA9BE51B-0A3C-4235-8D53-582645CB3898}.Release|Any CPU.Build.0 = Release|Any CPU
	EndGlobalSection
	GlobalSection(SolutionProperties) = preSolution
		HideSolutionNode = FALSE
	EndGlobalSection
	GlobalSection(NestedProjects) = preSolution
		{46F8287E-F9AF-4E1D-BE40-6E1E1C6DA5F9} = {14B07CCB-83D2-4EA6-824B-4CCCBD6D933A}
		{994FD5A3-0704-41ED-8494-A27A2A543604} = {14B07CCB-83D2-4EA6-824B-4CCCBD6D933A}
		{2673B023-FCF9-4666-8174-032992CDCF8B} = {14B07CCB-83D2-4EA6-824B-4CCCBD6D933A}
		{9D9597A2-275A-4AA8-9D18-1ADA351F7A96} = {14B07CCB-83D2-4EA6-824B-4CCCBD6D933A}
		{DBAACA40-B030-4065-8F50-5017313B7FDC} = {14B07CCB-83D2-4EA6-824B-4CCCBD6D933A}
		{845F8A62-F0FB-4445-8886-79A66B7C8F6F} = {D8AAFD8A-E9BA-41A4-AC66-0149FA24BB08}
		{66597961-E5AD-4837-83A3-CB5E43B5AB1D} = {D8AAFD8A-E9BA-41A4-AC66-0149FA24BB08}
		{EA32D4EA-87F6-4E5D-9DAD-0909019926FC} = {D8AAFD8A-E9BA-41A4-AC66-0149FA24BB08}
		{6D27C65E-80B1-4D2A-992E-AA8D855A5D78} = {14B07CCB-83D2-4EA6-824B-4CCCBD6D933A}
		{DA9BE51B-0A3C-4235-8D53-582645CB3898} = {D8AAFD8A-E9BA-41A4-AC66-0149FA24BB08}
	EndGlobalSection
	GlobalSection(ExtensibilityGlobals) = postSolution
		SolutionGuid = {11478E0A-1753-4FE2-AC81-F0C4E43EB48C}
	EndGlobalSection
EndGlobal
