
Microsoft Visual Studio Solution File, Format Version 12.00
# Visual Studio Version 16
VisualStudioVersion = 16.0.29613.14
MinimumVisualStudioVersion = 15.0.26124.0
Project("{2150E333-8FDC-42A3-9474-1A3956D46DE8}") = "src", "src", "{14B07CCB-83D2-4EA6-824B-4CCCBD6D933A}"
EndProject
Project("{9A19103F-16F7-4668-BE54-9A1E7A4F7556}") = "WorkTimer.Blazor", "src\WorkTimer.Blazor\WorkTimer.Blazor.csproj", "{B19DD2E3-C28A-4074-A5BC-ADDCA4B8595A}"
EndProject
Project("{9A19103F-16F7-4668-BE54-9A1E7A4F7556}") = "WorkTimer.Tests", "src\WorkTimer.Tests\WorkTimer.Tests.csproj", "{E579DD05-ED52-4D0B-A660-F371A9AC9726}"
EndProject
Project("{9A19103F-16F7-4668-BE54-9A1E7A4F7556}") = "WorkTimer.Models", "src\WorkTimer.Models\WorkTimer.Models.csproj", "{9ADBF4CE-AB56-4DED-87AE-9A78C9013F73}"
EndProject
Project("{9A19103F-16F7-4668-BE54-9A1E7A4F7556}") = "WorkTimer.Services", "src\WorkTimer.Services\WorkTimer.Services.csproj", "{6D5B7C7D-F0DC-4544-98B7-4F8931E428F0}"
EndProject
Project("{2150E333-8FDC-42A3-9474-1A3956D46DE8}") = "Solution Items", "Solution Items", "{1182D9EA-9691-4CC7-92FD-A180A2057092}"
	ProjectSection(SolutionItems) = preProject
		.editorconfig = .editorconfig
	EndProjectSection
EndProject
Project("{9A19103F-16F7-4668-BE54-9A1E7A4F7556}") = "WorkTimer.Api", "src\WorkTimer.Api\WorkTimer.Api.csproj", "{4586D17C-5E57-4A19-BF22-A2C63A1D9A42}"
EndProject
Project("{FAE04EC0-301F-11D3-BF4B-00C04F79EFBC}") = "WorkTimer.EF", "src\WorkTimer.EF\WorkTimer.EF.csproj", "{E31625B7-F793-47FD-8907-CEDEF026CDE2}"
EndProject
Global
	GlobalSection(SolutionConfigurationPlatforms) = preSolution
		Debug|Any CPU = Debug|Any CPU
		Debug|x64 = Debug|x64
		Debug|x86 = Debug|x86
		Release|Any CPU = Release|Any CPU
		Release|x64 = Release|x64
		Release|x86 = Release|x86
	EndGlobalSection
	GlobalSection(ProjectConfigurationPlatforms) = postSolution
		{B19DD2E3-C28A-4074-A5BC-ADDCA4B8595A}.Debug|Any CPU.ActiveCfg = Debug|Any CPU
		{B19DD2E3-C28A-4074-A5BC-ADDCA4B8595A}.Debug|Any CPU.Build.0 = Debug|Any CPU
		{B19DD2E3-C28A-4074-A5BC-ADDCA4B8595A}.Debug|x64.ActiveCfg = Debug|Any CPU
		{B19DD2E3-C28A-4074-A5BC-ADDCA4B8595A}.Debug|x64.Build.0 = Debug|Any CPU
		{B19DD2E3-C28A-4074-A5BC-ADDCA4B8595A}.Debug|x86.ActiveCfg = Debug|Any CPU
		{B19DD2E3-C28A-4074-A5BC-ADDCA4B8595A}.Debug|x86.Build.0 = Debug|Any CPU
		{B19DD2E3-C28A-4074-A5BC-ADDCA4B8595A}.Release|Any CPU.ActiveCfg = Release|Any CPU
		{B19DD2E3-C28A-4074-A5BC-ADDCA4B8595A}.Release|Any CPU.Build.0 = Release|Any CPU
		{B19DD2E3-C28A-4074-A5BC-ADDCA4B8595A}.Release|x64.ActiveCfg = Release|Any CPU
		{B19DD2E3-C28A-4074-A5BC-ADDCA4B8595A}.Release|x64.Build.0 = Release|Any CPU
		{B19DD2E3-C28A-4074-A5BC-ADDCA4B8595A}.Release|x86.ActiveCfg = Release|Any CPU
		{B19DD2E3-C28A-4074-A5BC-ADDCA4B8595A}.Release|x86.Build.0 = Release|Any CPU
		{E579DD05-ED52-4D0B-A660-F371A9AC9726}.Debug|Any CPU.ActiveCfg = Debug|Any CPU
		{E579DD05-ED52-4D0B-A660-F371A9AC9726}.Debug|Any CPU.Build.0 = Debug|Any CPU
		{E579DD05-ED52-4D0B-A660-F371A9AC9726}.Debug|x64.ActiveCfg = Debug|Any CPU
		{E579DD05-ED52-4D0B-A660-F371A9AC9726}.Debug|x64.Build.0 = Debug|Any CPU
		{E579DD05-ED52-4D0B-A660-F371A9AC9726}.Debug|x86.ActiveCfg = Debug|Any CPU
		{E579DD05-ED52-4D0B-A660-F371A9AC9726}.Debug|x86.Build.0 = Debug|Any CPU
		{E579DD05-ED52-4D0B-A660-F371A9AC9726}.Release|Any CPU.ActiveCfg = Release|Any CPU
		{E579DD05-ED52-4D0B-A660-F371A9AC9726}.Release|Any CPU.Build.0 = Release|Any CPU
		{E579DD05-ED52-4D0B-A660-F371A9AC9726}.Release|x64.ActiveCfg = Release|Any CPU
		{E579DD05-ED52-4D0B-A660-F371A9AC9726}.Release|x64.Build.0 = Release|Any CPU
		{E579DD05-ED52-4D0B-A660-F371A9AC9726}.Release|x86.ActiveCfg = Release|Any CPU
		{E579DD05-ED52-4D0B-A660-F371A9AC9726}.Release|x86.Build.0 = Release|Any CPU
		{9ADBF4CE-AB56-4DED-87AE-9A78C9013F73}.Debug|Any CPU.ActiveCfg = Debug|Any CPU
		{9ADBF4CE-AB56-4DED-87AE-9A78C9013F73}.Debug|Any CPU.Build.0 = Debug|Any CPU
		{9ADBF4CE-AB56-4DED-87AE-9A78C9013F73}.Debug|x64.ActiveCfg = Debug|Any CPU
		{9ADBF4CE-AB56-4DED-87AE-9A78C9013F73}.Debug|x64.Build.0 = Debug|Any CPU
		{9ADBF4CE-AB56-4DED-87AE-9A78C9013F73}.Debug|x86.ActiveCfg = Debug|Any CPU
		{9ADBF4CE-AB56-4DED-87AE-9A78C9013F73}.Debug|x86.Build.0 = Debug|Any CPU
		{9ADBF4CE-AB56-4DED-87AE-9A78C9013F73}.Release|Any CPU.ActiveCfg = Release|Any CPU
		{9ADBF4CE-AB56-4DED-87AE-9A78C9013F73}.Release|Any CPU.Build.0 = Release|Any CPU
		{9ADBF4CE-AB56-4DED-87AE-9A78C9013F73}.Release|x64.ActiveCfg = Release|Any CPU
		{9ADBF4CE-AB56-4DED-87AE-9A78C9013F73}.Release|x64.Build.0 = Release|Any CPU
		{9ADBF4CE-AB56-4DED-87AE-9A78C9013F73}.Release|x86.ActiveCfg = Release|Any CPU
		{9ADBF4CE-AB56-4DED-87AE-9A78C9013F73}.Release|x86.Build.0 = Release|Any CPU
		{6D5B7C7D-F0DC-4544-98B7-4F8931E428F0}.Debug|Any CPU.ActiveCfg = Debug|Any CPU
		{6D5B7C7D-F0DC-4544-98B7-4F8931E428F0}.Debug|Any CPU.Build.0 = Debug|Any CPU
		{6D5B7C7D-F0DC-4544-98B7-4F8931E428F0}.Debug|x64.ActiveCfg = Debug|Any CPU
		{6D5B7C7D-F0DC-4544-98B7-4F8931E428F0}.Debug|x64.Build.0 = Debug|Any CPU
		{6D5B7C7D-F0DC-4544-98B7-4F8931E428F0}.Debug|x86.ActiveCfg = Debug|Any CPU
		{6D5B7C7D-F0DC-4544-98B7-4F8931E428F0}.Debug|x86.Build.0 = Debug|Any CPU
		{6D5B7C7D-F0DC-4544-98B7-4F8931E428F0}.Release|Any CPU.ActiveCfg = Release|Any CPU
		{6D5B7C7D-F0DC-4544-98B7-4F8931E428F0}.Release|Any CPU.Build.0 = Release|Any CPU
		{6D5B7C7D-F0DC-4544-98B7-4F8931E428F0}.Release|x64.ActiveCfg = Release|Any CPU
		{6D5B7C7D-F0DC-4544-98B7-4F8931E428F0}.Release|x64.Build.0 = Release|Any CPU
		{6D5B7C7D-F0DC-4544-98B7-4F8931E428F0}.Release|x86.ActiveCfg = Release|Any CPU
		{6D5B7C7D-F0DC-4544-98B7-4F8931E428F0}.Release|x86.Build.0 = Release|Any CPU
		{4586D17C-5E57-4A19-BF22-A2C63A1D9A42}.Debug|Any CPU.ActiveCfg = Debug|Any CPU
		{4586D17C-5E57-4A19-BF22-A2C63A1D9A42}.Debug|Any CPU.Build.0 = Debug|Any CPU
		{4586D17C-5E57-4A19-BF22-A2C63A1D9A42}.Debug|x64.ActiveCfg = Debug|Any CPU
		{4586D17C-5E57-4A19-BF22-A2C63A1D9A42}.Debug|x64.Build.0 = Debug|Any CPU
		{4586D17C-5E57-4A19-BF22-A2C63A1D9A42}.Debug|x86.ActiveCfg = Debug|Any CPU
		{4586D17C-5E57-4A19-BF22-A2C63A1D9A42}.Debug|x86.Build.0 = Debug|Any CPU
		{4586D17C-5E57-4A19-BF22-A2C63A1D9A42}.Release|Any CPU.ActiveCfg = Release|Any CPU
		{4586D17C-5E57-4A19-BF22-A2C63A1D9A42}.Release|Any CPU.Build.0 = Release|Any CPU
		{4586D17C-5E57-4A19-BF22-A2C63A1D9A42}.Release|x64.ActiveCfg = Release|Any CPU
		{4586D17C-5E57-4A19-BF22-A2C63A1D9A42}.Release|x64.Build.0 = Release|Any CPU
		{4586D17C-5E57-4A19-BF22-A2C63A1D9A42}.Release|x86.ActiveCfg = Release|Any CPU
		{4586D17C-5E57-4A19-BF22-A2C63A1D9A42}.Release|x86.Build.0 = Release|Any CPU
		{E31625B7-F793-47FD-8907-CEDEF026CDE2}.Debug|Any CPU.ActiveCfg = Debug|Any CPU
		{E31625B7-F793-47FD-8907-CEDEF026CDE2}.Debug|Any CPU.Build.0 = Debug|Any CPU
		{E31625B7-F793-47FD-8907-CEDEF026CDE2}.Debug|x64.ActiveCfg = Debug|Any CPU
		{E31625B7-F793-47FD-8907-CEDEF026CDE2}.Debug|x64.Build.0 = Debug|Any CPU
		{E31625B7-F793-47FD-8907-CEDEF026CDE2}.Debug|x86.ActiveCfg = Debug|Any CPU
		{E31625B7-F793-47FD-8907-CEDEF026CDE2}.Debug|x86.Build.0 = Debug|Any CPU
		{E31625B7-F793-47FD-8907-CEDEF026CDE2}.Release|Any CPU.ActiveCfg = Release|Any CPU
		{E31625B7-F793-47FD-8907-CEDEF026CDE2}.Release|Any CPU.Build.0 = Release|Any CPU
		{E31625B7-F793-47FD-8907-CEDEF026CDE2}.Release|x64.ActiveCfg = Release|Any CPU
		{E31625B7-F793-47FD-8907-CEDEF026CDE2}.Release|x64.Build.0 = Release|Any CPU
		{E31625B7-F793-47FD-8907-CEDEF026CDE2}.Release|x86.ActiveCfg = Release|Any CPU
		{E31625B7-F793-47FD-8907-CEDEF026CDE2}.Release|x86.Build.0 = Release|Any CPU
	EndGlobalSection
	GlobalSection(SolutionProperties) = preSolution
		HideSolutionNode = FALSE
	EndGlobalSection
	GlobalSection(NestedProjects) = preSolution
		{B19DD2E3-C28A-4074-A5BC-ADDCA4B8595A} = {14B07CCB-83D2-4EA6-824B-4CCCBD6D933A}
		{E579DD05-ED52-4D0B-A660-F371A9AC9726} = {14B07CCB-83D2-4EA6-824B-4CCCBD6D933A}
		{9ADBF4CE-AB56-4DED-87AE-9A78C9013F73} = {14B07CCB-83D2-4EA6-824B-4CCCBD6D933A}
		{6D5B7C7D-F0DC-4544-98B7-4F8931E428F0} = {14B07CCB-83D2-4EA6-824B-4CCCBD6D933A}
		{4586D17C-5E57-4A19-BF22-A2C63A1D9A42} = {14B07CCB-83D2-4EA6-824B-4CCCBD6D933A}
		{E31625B7-F793-47FD-8907-CEDEF026CDE2} = {14B07CCB-83D2-4EA6-824B-4CCCBD6D933A}
	EndGlobalSection
	GlobalSection(ExtensibilityGlobals) = postSolution
		SolutionGuid = {11478E0A-1753-4FE2-AC81-F0C4E43EB48C}
	EndGlobalSection
EndGlobal
